
Microsoft Visual Studio Solution File, Format Version 12.00
# Visual Studio Version 17
VisualStudioVersion = 17.7.34031.279
MinimumVisualStudioVersion = 10.0.40219.1
Project("{888888A0-9F3D-457C-B088-3A5042F75D52}") = "InvoiceLinItemCalculator", "InvoiceLinItemCalculator.pyproj", "{52564941-6416-45C9-90F9-FC791E7B8CE1}"
EndProject
Global
	GlobalSection(SolutionConfigurationPlatforms) = preSolution
		Debug|Any CPU = Debug|Any CPU
		Release|Any CPU = Release|Any CPU
	EndGlobalSection
	GlobalSection(ProjectConfigurationPlatforms) = postSolution
		{52564941-6416-45C9-90F9-FC791E7B8CE1}.Debug|Any CPU.ActiveCfg = Debug|Any CPU
		{52564941-6416-45C9-90F9-FC791E7B8CE1}.Release|Any CPU.ActiveCfg = Release|Any CPU
	EndGlobalSection
	GlobalSection(SolutionProperties) = preSolution
		HideSolutionNode = FALSE
	EndGlobalSection
	GlobalSection(ExtensibilityGlobals) = postSolution
		SolutionGuid = {C5C9F18F-46DC-419D-A157-57048B369E26}
	EndGlobalSection
EndGlobal
